
Microsoft Visual Studio Solution File, Format Version 12.00
# Visual Studio Version 17
VisualStudioVersion = 17.9.34622.214
MinimumVisualStudioVersion = 10.0.40219.1
Project("{8BC9CEB8-8B4A-11D0-8D11-00A0C91BC942}") = "liangTongLexicalAnalys", "liangTongLexicalAnalys.vcxproj", "{A705FC6F-5E63-476B-9C63-AF9C23150377}"
EndProject
Project("{54435603-DBB4-11D2-8724-00A0C9A8B90C}") = "LT词法分析", "..\LT词法分析\LT词法分析.vdproj", "{9D524064-AA07-475F-B757-3E1C7701CFE2}"
EndProject
Global
	GlobalSection(SolutionConfigurationPlatforms) = preSolution
		Debug|x64 = Debug|x64
		Debug|x86 = Debug|x86
		Release|x64 = Release|x64
		Release|x86 = Release|x86
	EndGlobalSection
	GlobalSection(ProjectConfigurationPlatforms) = postSolution
		{A705FC6F-5E63-476B-9C63-AF9C23150377}.Debug|x64.ActiveCfg = Debug|x64
		{A705FC6F-5E63-476B-9C63-AF9C23150377}.Debug|x64.Build.0 = Debug|x64
		{A705FC6F-5E63-476B-9C63-AF9C23150377}.Debug|x86.ActiveCfg = Debug|Win32
		{A705FC6F-5E63-476B-9C63-AF9C23150377}.Debug|x86.Build.0 = Debug|Win32
		{A705FC6F-5E63-476B-9C63-AF9C23150377}.Release|x64.ActiveCfg = Release|x64
		{A705FC6F-5E63-476B-9C63-AF9C23150377}.Release|x64.Build.0 = Release|x64
		{A705FC6F-5E63-476B-9C63-AF9C23150377}.Release|x86.ActiveCfg = Release|Win32
		{A705FC6F-5E63-476B-9C63-AF9C23150377}.Release|x86.Build.0 = Release|Win32
		{9D524064-AA07-475F-B757-3E1C7701CFE2}.Debug|x64.ActiveCfg = Debug
		{9D524064-AA07-475F-B757-3E1C7701CFE2}.Debug|x86.ActiveCfg = Debug
		{9D524064-AA07-475F-B757-3E1C7701CFE2}.Release|x64.ActiveCfg = Release
		{9D524064-AA07-475F-B757-3E1C7701CFE2}.Release|x86.ActiveCfg = Release
	EndGlobalSection
	GlobalSection(SolutionProperties) = preSolution
		HideSolutionNode = FALSE
	EndGlobalSection
	GlobalSection(ExtensibilityGlobals) = postSolution
		SolutionGuid = {D63FE8CA-FE71-4194-9769-BE57A242425C}
	EndGlobalSection
EndGlobal
